PODS:
  - GoogleAds-IMA-iOS-SDK (3.18.4)
  - TokenGenerator (1.0)
  - WISDK (1.21.18):
    - GoogleAds-IMA-iOS-SDK (= 3.18.4)
    - TokenGenerator

DEPENDENCIES:
  - WISDK (= 1.21.18)

SPEC REPOS:
  https://github.com/CocoaPods/Specs.git:
    - GoogleAds-IMA-iOS-SDK
    - TokenGenerator
    - WISDK

SPEC CHECKSUMS:
  GoogleAds-IMA-iOS-SDK: b01284e3bf3d64ba948de6692ffda531452c3713
  TokenGenerator: 1209719fb570221b14ac0a5031f8d275a64c7d42
  WISDK: 90485165bf3acdcdd69a97fe8ba6e83bfa8b3e61

PODFILE CHECKSUM: 75948e0fef7c2a27f0d1b6ae43b77a2882f4c829

COCOAPODS: 1.16.2
